
Microsoft Visual Studio Solution File, Format Version 12.00
# Visual Studio Version 16
VisualStudioVersion = 16.0.30413.136
MinimumVisualStudioVersion = 10.0.40219.1
Project("{FAE04EC0-301F-11D3-BF4B-00C04F79EFBC}") = "Contacts.Android", "Contacts.Android\Contacts.Android.csproj", "{9761DCB5-BA07-4A18-ABFA-2DB522A2737C}"
EndProject
Project("{FAE04EC0-301F-11D3-BF4B-00C04F79EFBC}") = "Contacts.iOS", "Contacts.iOS\Contacts.iOS.csproj", "{7FA2D025-ABC1-4C5D-8B96-E81005A5A078}"
EndProject
Project("{FAE04EC0-301F-11D3-BF4B-00C04F79EFBC}") = "Contacts", "Contacts\Contacts.csproj", "{BD16CF10-D258-487D-B0DF-51EC37764FE6}"
EndProject
Global
	GlobalSection(SolutionConfigurationPlatforms) = preSolution
		Debug|Any CPU = Debug|Any CPU
		Debug|iPhone = Debug|iPhone
		Debug|iPhoneSimulator = Debug|iPhoneSimulator
		Release|Any CPU = Release|Any CPU
		Release|iPhone = Release|iPhone
		Release|iPhoneSimulator = Release|iPhoneSimulator
	EndGlobalSection
	GlobalSection(ProjectConfigurationPlatforms) = postSolution
		{9761DCB5-BA07-4A18-ABFA-2DB522A2737C}.Debug|Any CPU.ActiveCfg = Debug|Any CPU
		{9761DCB5-BA07-4A18-ABFA-2DB522A2737C}.Debug|Any CPU.Build.0 = Debug|Any CPU
		{9761DCB5-BA07-4A18-ABFA-2DB522A2737C}.Debug|Any CPU.Deploy.0 = Debug|Any CPU
		{9761DCB5-BA07-4A18-ABFA-2DB522A2737C}.Debug|iPhone.ActiveCfg = Debug|Any CPU
		{9761DCB5-BA07-4A18-ABFA-2DB522A2737C}.Debug|iPhone.Build.0 = Debug|Any CPU
		{9761DCB5-BA07-4A18-ABFA-2DB522A2737C}.Debug|iPhone.Deploy.0 = Debug|Any CPU
		{9761DCB5-BA07-4A18-ABFA-2DB522A2737C}.Debug|iPhoneSimulator.ActiveCfg = Debug|Any CPU
		{9761DCB5-BA07-4A18-ABFA-2DB522A2737C}.Debug|iPhoneSimulator.Build.0 = Debug|Any CPU
		{9761DCB5-BA07-4A18-ABFA-2DB522A2737C}.Debug|iPhoneSimulator.Deploy.0 = Debug|Any CPU
		{9761DCB5-BA07-4A18-ABFA-2DB522A2737C}.Release|Any CPU.ActiveCfg = Release|Any CPU
		{9761DCB5-BA07-4A18-ABFA-2DB522A2737C}.Release|Any CPU.Build.0 = Release|Any CPU
		{9761DCB5-BA07-4A18-ABFA-2DB522A2737C}.Release|Any CPU.Deploy.0 = Release|Any CPU
		{9761DCB5-BA07-4A18-ABFA-2DB522A2737C}.Release|iPhone.ActiveCfg = Release|Any CPU
		{9761DCB5-BA07-4A18-ABFA-2DB522A2737C}.Release|iPhone.Build.0 = Release|Any CPU
		{9761DCB5-BA07-4A18-ABFA-2DB522A2737C}.Release|iPhone.Deploy.0 = Release|Any CPU
		{9761DCB5-BA07-4A18-ABFA-2DB522A2737C}.Release|iPhoneSimulator.ActiveCfg = Release|Any CPU
		{9761DCB5-BA07-4A18-ABFA-2DB522A2737C}.Release|iPhoneSimulator.Build.0 = Release|Any CPU
		{9761DCB5-BA07-4A18-ABFA-2DB522A2737C}.Release|iPhoneSimulator.Deploy.0 = Release|Any CPU
		{7FA2D025-ABC1-4C5D-8B96-E81005A5A078}.Debug|Any CPU.ActiveCfg = Debug|iPhone
		{7FA2D025-ABC1-4C5D-8B96-E81005A5A078}.Debug|Any CPU.Build.0 = Debug|iPhone
		{7FA2D025-ABC1-4C5D-8B96-E81005A5A078}.Debug|Any CPU.Deploy.0 = Debug|iPhone
		{7FA2D025-ABC1-4C5D-8B96-E81005A5A078}.Debug|iPhone.ActiveCfg = Debug|iPhone
		{7FA2D025-ABC1-4C5D-8B96-E81005A5A078}.Debug|iPhone.Build.0 = Debug|iPhone
		{7FA2D025-ABC1-4C5D-8B96-E81005A5A078}.Debug|iPhone.Deploy.0 = Debug|iPhone
		{7FA2D025-ABC1-4C5D-8B96-E81005A5A078}.Debug|iPhoneSimulator.ActiveCfg = Debug|iPhoneSimulator
		{7FA2D025-ABC1-4C5D-8B96-E81005A5A078}.Debug|iPhoneSimulator.Build.0 = Debug|iPhoneSimulator
		{7FA2D025-ABC1-4C5D-8B96-E81005A5A078}.Debug|iPhoneSimulator.Deploy.0 = Debug|iPhoneSimulator
		{7FA2D025-ABC1-4C5D-8B96-E81005A5A078}.Release|Any CPU.ActiveCfg = Release|iPhone
		{7FA2D025-ABC1-4C5D-8B96-E81005A5A078}.Release|Any CPU.Build.0 = Release|iPhone
		{7FA2D025-ABC1-4C5D-8B96-E81005A5A078}.Release|Any CPU.Deploy.0 = Release|iPhone
		{7FA2D025-ABC1-4C5D-8B96-E81005A5A078}.Release|iPhone.ActiveCfg = Release|iPhone
		{7FA2D025-ABC1-4C5D-8B96-E81005A5A078}.Release|iPhone.Build.0 = Release|iPhone
		{7FA2D025-ABC1-4C5D-8B96-E81005A5A078}.Release|iPhone.Deploy.0 = Release|iPhone
		{7FA2D025-ABC1-4C5D-8B96-E81005A5A078}.Release|iPhoneSimulator.ActiveCfg = Release|iPhoneSimulator
		{7FA2D025-ABC1-4C5D-8B96-E81005A5A078}.Release|iPhoneSimulator.Build.0 = Release|iPhoneSimulator
		{7FA2D025-ABC1-4C5D-8B96-E81005A5A078}.Release|iPhoneSimulator.Deploy.0 = Release|iPhoneSimulator
		{BD16CF10-D258-487D-B0DF-51EC37764FE6}.Debug|Any CPU.ActiveCfg = Debug|Any CPU
		{BD16CF10-D258-487D-B0DF-51EC37764FE6}.Debug|Any CPU.Build.0 = Debug|Any CPU
		{BD16CF10-D258-487D-B0DF-51EC37764FE6}.Debug|Any CPU.Deploy.0 = Debug|Any CPU
		{BD16CF10-D258-487D-B0DF-51EC37764FE6}.Debug|iPhone.ActiveCfg = Debug|Any CPU
		{BD16CF10-D258-487D-B0DF-51EC37764FE6}.Debug|iPhone.Build.0 = Debug|Any CPU
		{BD16CF10-D258-487D-B0DF-51EC37764FE6}.Debug|iPhone.Deploy.0 = Debug|Any CPU
		{BD16CF10-D258-487D-B0DF-51EC37764FE6}.Debug|iPhoneSimulator.ActiveCfg = Debug|Any CPU
		{BD16CF10-D258-487D-B0DF-51EC37764FE6}.Debug|iPhoneSimulator.Build.0 = Debug|Any CPU
		{BD16CF10-D258-487D-B0DF-51EC37764FE6}.Debug|iPhoneSimulator.Deploy.0 = Debug|Any CPU
		{BD16CF10-D258-487D-B0DF-51EC37764FE6}.Release|Any CPU.ActiveCfg = Release|Any CPU
		{BD16CF10-D258-487D-B0DF-51EC37764FE6}.Release|Any CPU.Build.0 = Release|Any CPU
		{BD16CF10-D258-487D-B0DF-51EC37764FE6}.Release|Any CPU.Deploy.0 = Release|Any CPU
		{BD16CF10-D258-487D-B0DF-51EC37764FE6}.Release|iPhone.ActiveCfg = Release|Any CPU
		{BD16CF10-D258-487D-B0DF-51EC37764FE6}.Release|iPhone.Build.0 = Release|Any CPU
		{BD16CF10-D258-487D-B0DF-51EC37764FE6}.Release|iPhone.Deploy.0 = Release|Any CPU
		{BD16CF10-D258-487D-B0DF-51EC37764FE6}.Release|iPhoneSimulator.ActiveCfg = Release|Any CPU
		{BD16CF10-D258-487D-B0DF-51EC37764FE6}.Release|iPhoneSimulator.Build.0 = Release|Any CPU
		{BD16CF10-D258-487D-B0DF-51EC37764FE6}.Release|iPhoneSimulator.Deploy.0 = Release|Any CPU
	EndGlobalSection
	GlobalSection(SolutionProperties) = preSolution
		HideSolutionNode = FALSE
	EndGlobalSection
	GlobalSection(ExtensibilityGlobals) = postSolution
		SolutionGuid = {E03EDF6F-AC41-4CFC-B9C1-55A8B54A97EC}
	EndGlobalSection
EndGlobal
